
Microsoft Visual Studio Solution File, Format Version 12.00
# Visual Studio Version 16
VisualStudioVersion = 16.0.30104.148
MinimumVisualStudioVersion = 10.0.40219.1
Project("{FAE04EC0-301F-11D3-BF4B-00C04F79EFBC}") = "csglxt716", "csglxt716\csglxt716.csproj", "{10BDEE6E-A790-493C-A409-8F00B2990002}"
EndProject
Global
	GlobalSection(SolutionConfigurationPlatforms) = preSolution
		Debug|Any CPU = Debug|Any CPU
		Release|Any CPU = Release|Any CPU
	EndGlobalSection
	GlobalSection(ProjectConfigurationPlatforms) = postSolution
		{10BDEE6E-A790-493C-A409-8F00B2990002}.Debug|Any CPU.ActiveCfg = Debug|Any CPU
		{10BDEE6E-A790-493C-A409-8F00B2990002}.Debug|Any CPU.Build.0 = Debug|Any CPU
		{10BDEE6E-A790-493C-A409-8F00B2990002}.Release|Any CPU.ActiveCfg = Release|Any CPU
		{10BDEE6E-A790-493C-A409-8F00B2990002}.Release|Any CPU.Build.0 = Release|Any CPU
	EndGlobalSection
	GlobalSection(SolutionProperties) = preSolution
		HideSolutionNode = FALSE
	EndGlobalSection
	GlobalSection(ExtensibilityGlobals) = postSolution
		SolutionGuid = {4181BB6F-7FB4-43A9-B102-C10F39DA13F1}
	EndGlobalSection
EndGlobal
